// !$*UTF8*$!
{
	archiveVersion = 1;
	classes = {
	};
	objectVersion = 53;
	objects = {

/* Begin PBXBuildFile section */
		870193111F6722750095D847 /* TrackWorkout.swift in Sources */ = {isa = PBXBuildFile; fileRef = 870193101F6722750095D847 /* TrackWorkout.swift */; };
		873EB99D24402AE30020BD9F /* Podfile in Resources */ = {isa = PBXBuildFile; fileRef = 873EB99C24402AE30020BD9F /* Podfile */; };
		873EB9D724402E010020BD9F /* Free.storyboard in Resources */ = {isa = PBXBuildFile; fileRef = 873EB9D624402E010020BD9F /* Free.storyboard */; };
		873EB9DC244030270020BD9F /* AdController.swift in Sources */ = {isa = PBXBuildFile; fileRef = 873EB9D8244030260020BD9F /* AdController.swift */; };
		873EB9DD244030270020BD9F /* AppDelegate.swift in Sources */ = {isa = PBXBuildFile; fileRef = 873EB9DA244030270020BD9F /* AppDelegate.swift */; };
		873EB9DE244030270020BD9F /* GoogleService-Info.plist in Resources */ = {isa = PBXBuildFile; fileRef = 873EB9DB244030270020BD9F /* GoogleService-Info.plist */; };
		877952AB1F71ABDD00605317 /* Extensions.swift in Sources */ = {isa = PBXBuildFile; fileRef = 877952AA1F71ABDD00605317 /* Extensions.swift */; };
		8790C141244A2168001F7823 /* Interface.storyboard in Resources */ = {isa = PBXBuildFile; fileRef = 8790C13F244A2168001F7823 /* Interface.storyboard */; };
		8790C143244A216A001F7823 /* Assets.xcassets in Resources */ = {isa = PBXBuildFile; fileRef = 8790C142244A216A001F7823 /* Assets.xcassets */; };
		8790C14A244A216A001F7823 /* Watch Extension.appex in Embed App Extensions */ = {isa = PBXBuildFile; fileRef = 8790C149244A216A001F7823 /* Watch Extension.appex */; settings = {ATTRIBUTES = (RemoveHeadersOnCopy, ); }; };
		8790C14F244A216A001F7823 /* ContentView.swift in Sources */ = {isa = PBXBuildFile; fileRef = 8790C14E244A216A001F7823 /* ContentView.swift */; };
		8790C151244A216A001F7823 /* HostingController.swift in Sources */ = {isa = PBXBuildFile; fileRef = 8790C150244A216A001F7823 /* HostingController.swift */; };
		8790C153244A216A001F7823 /* ExtensionDelegate.swift in Sources */ = {isa = PBXBuildFile; fileRef = 8790C152244A216A001F7823 /* ExtensionDelegate.swift */; };
		8790C155244A216A001F7823 /* NotificationController.swift in Sources */ = {isa = PBXBuildFile; fileRef = 8790C154244A216A001F7823 /* NotificationController.swift */; };
		8790C157244A216A001F7823 /* NotificationView.swift in Sources */ = {isa = PBXBuildFile; fileRef = 8790C156244A216A001F7823 /* NotificationView.swift */; };
		8790C159244A216A001F7823 /* ComplicationController.swift in Sources */ = {isa = PBXBuildFile; fileRef = 8790C158244A216A001F7823 /* ComplicationController.swift */; };
		8790C15B244A216A001F7823 /* Assets.xcassets in Resources */ = {isa = PBXBuildFile; fileRef = 8790C15A244A216A001F7823 /* Assets.xcassets */; };
		8790C15E244A216A001F7823 /* Preview Assets.xcassets in Resources */ = {isa = PBXBuildFile; fileRef = 8790C15D244A216A001F7823 /* Preview Assets.xcassets */; };
		8790C163244A216A001F7823 /* Watch.app in Embed Watch Content */ = {isa = PBXBuildFile; fileRef = 8790C13D244A2168001F7823 /* Watch.app */; platformFilter = ios; settings = {ATTRIBUTES = (RemoveHeadersOnCopy, ); }; };
		87A4CF301F6AF8FE004D49D1 /* WorkoutsViewController.swift in Sources */ = {isa = PBXBuildFile; fileRef = 87A4CF2F1F6AF8FE004D49D1 /* WorkoutsViewController.swift */; };
		87A4CF321F6B15F3004D49D1 /* WorkoutCell.swift in Sources */ = {isa = PBXBuildFile; fileRef = 87A4CF311F6B15F3004D49D1 /* WorkoutCell.swift */; };
		87AD14851F644852009D778A /* MainViewController.swift in Sources */ = {isa = PBXBuildFile; fileRef = 87AD14841F644852009D778A /* MainViewController.swift */; };
		87AD14881F644852009D778A /* Main.storyboard in Resources */ = {isa = PBXBuildFile; fileRef = 87AD14861F644852009D778A /* Main.storyboard */; };
		87AD148B1F644852009D778A /* Trainer.xcdatamodeld in Sources */ = {isa = PBXBuildFile; fileRef = 87AD14891F644852009D778A /* Trainer.xcdatamodeld */; };
		87AD148D1F644852009D778A /* Assets.xcassets in Resources */ = {isa = PBXBuildFile; fileRef = 87AD148C1F644852009D778A /* Assets.xcassets */; };
		87AD14901F644852009D778A /* LaunchScreen.storyboard in Resources */ = {isa = PBXBuildFile; fileRef = 87AD148E1F644852009D778A /* LaunchScreen.storyboard */; };
		87AD149B1F644852009D778A /* TrainerTests.swift in Sources */ = {isa = PBXBuildFile; fileRef = 87AD149A1F644852009D778A /* TrainerTests.swift */; };
		87AD14A61F644852009D778A /* TrainerUITests.swift in Sources */ = {isa = PBXBuildFile; fileRef = 87AD14A51F644852009D778A /* TrainerUITests.swift */; };
		87AD14B61F64788A009D778A /* TrackPhase.swift in Sources */ = {isa = PBXBuildFile; fileRef = 87AD14B51F64788A009D778A /* TrackPhase.swift */; };
		87B8B8EB1F6C64FC00A6989A /* DataAccess.swift in Sources */ = {isa = PBXBuildFile; fileRef = 87B8B8EA1F6C64FB00A6989A /* DataAccess.swift */; };
		87B8B8EF1F6D731C00A6989A /* DurationPickerCell.swift in Sources */ = {isa = PBXBuildFile; fileRef = 87B8B8EE1F6D731C00A6989A /* DurationPickerCell.swift */; };
		87B8B8F31F6D84C500A6989A /* clong.caf in Resources */ = {isa = PBXBuildFile; fileRef = 87B8B8F21F6D84C500A6989A /* clong.caf */; };
		87B8B8F51F6D850900A6989A /* telephone-ring.caf in Resources */ = {isa = PBXBuildFile; fileRef = 87B8B8F41F6D850900A6989A /* telephone-ring.caf */; };
		87B8B8F71F6D8F4D00A6989A /* IntervalsViewController.swift in Sources */ = {isa = PBXBuildFile; fileRef = 87B8B8F61F6D8F4D00A6989A /* IntervalsViewController.swift */; };
		87B8B8F91F6D9A2400A6989A /* RepeatCell.swift in Sources */ = {isa = PBXBuildFile; fileRef = 87B8B8F81F6D9A2400A6989A /* RepeatCell.swift */; };
		87B8B8FB1F6DDC1500A6989A /* WorkoutNameCell.swift in Sources */ = {isa = PBXBuildFile; fileRef = 87B8B8FA1F6DDC1500A6989A /* WorkoutNameCell.swift */; };
		87D3C9ED1FACBE6D0074C7AC /* Intervals.swift in Sources */ = {isa = PBXBuildFile; fileRef = 87D3C9EC1FACBE6D0074C7AC /* Intervals.swift */; };
		87FD010A1F6B32830076D6E4 /* PhasesViewController.swift in Sources */ = {isa = PBXBuildFile; fileRef = 87FD01091F6B32830076D6E4 /* PhasesViewController.swift */; };
		87FD010C1F6B34AC0076D6E4 /* PhaseCell.swift in Sources */ = {isa = PBXBuildFile; fileRef = 87FD010B1F6B34AC0076D6E4 /* PhaseCell.swift */; };
		87FD01111F6B852E0076D6E4 /* PhaseViewController.swift in Sources */ = {isa = PBXBuildFile; fileRef = 87FD010F1F6B852E0076D6E4 /* PhaseViewController.swift */; };
		87FD01181F6B8B570076D6E4 /* SelectActionHeader.swift in Sources */ = {isa = PBXBuildFile; fileRef = 87FD01171F6B8B570076D6E4 /* SelectActionHeader.swift */; };
		87FD011A1F6C206D0076D6E4 /* PhaseSection.swift in Sources */ = {isa = PBXBuildFile; fileRef = 87FD01191F6C206D0076D6E4 /* PhaseSection.swift */; };
		87FED2001F85AC0900CBF258 /* DistanceCell.swift in Sources */ = {isa = PBXBuildFile; fileRef = 87FED1FF1F85AC0900CBF258 /* DistanceCell.swift */; };
		87FED2021F86B7BC00CBF258 /* PhaseEndCell.swift in Sources */ = {isa = PBXBuildFile; fileRef = 87FED2011F86B7BC00CBF258 /* PhaseEndCell.swift */; };
		87FFA0022440D71F002A2291 /* BaseAppDelegate.swift in Sources */ = {isa = PBXBuildFile; fileRef = 87AD14821F644852009D778A /* BaseAppDelegate.swift */; };
		87FFA0032440D72E002A2291 /* Extensions.swift in Sources */ = {isa = PBXBuildFile; fileRef = 877952AA1F71ABDD00605317 /* Extensions.swift */; };
		87FFA0042440D734002A2291 /* MainViewController.swift in Sources */ = {isa = PBXBuildFile; fileRef = 87AD14841F644852009D778A /* MainViewController.swift */; };
		87FFA0052440D738002A2291 /* Main.storyboard in Resources */ = {isa = PBXBuildFile; fileRef = 87AD14861F644852009D778A /* Main.storyboard */; };
		87FFA0062440D73D002A2291 /* Assets.xcassets in Resources */ = {isa = PBXBuildFile; fileRef = 87AD148C1F644852009D778A /* Assets.xcassets */; };
		87FFA0072440D744002A2291 /* LaunchScreen.storyboard in Resources */ = {isa = PBXBuildFile; fileRef = 87AD148E1F644852009D778A /* LaunchScreen.storyboard */; };
		87FFA00A2440D75C002A2291 /* TrackWorkout.swift in Sources */ = {isa = PBXBuildFile; fileRef = 870193101F6722750095D847 /* TrackWorkout.swift */; };
		87FFA00B2440D762002A2291 /* TrackPhase.swift in Sources */ = {isa = PBXBuildFile; fileRef = 87AD14B51F64788A009D778A /* TrackPhase.swift */; };
		87FFA00C2440D762002A2291 /* Intervals.swift in Sources */ = {isa = PBXBuildFile; fileRef = 87D3C9EC1FACBE6D0074C7AC /* Intervals.swift */; };
		87FFA00D2440D762002A2291 /* WorkoutsViewController.swift in Sources */ = {isa = PBXBuildFile; fileRef = 87A4CF2F1F6AF8FE004D49D1 /* WorkoutsViewController.swift */; };
		87FFA00E2440D762002A2291 /* WorkoutCell.swift in Sources */ = {isa = PBXBuildFile; fileRef = 87A4CF311F6B15F3004D49D1 /* WorkoutCell.swift */; };
		87FFA00F2440D762002A2291 /* PhasesViewController.swift in Sources */ = {isa = PBXBuildFile; fileRef = 87FD01091F6B32830076D6E4 /* PhasesViewController.swift */; };
		87FFA0102440D762002A2291 /* IntervalsViewController.swift in Sources */ = {isa = PBXBuildFile; fileRef = 87B8B8F61F6D8F4D00A6989A /* IntervalsViewController.swift */; };
		87FFA0112440D762002A2291 /* PhaseCell.swift in Sources */ = {isa = PBXBuildFile; fileRef = 87FD010B1F6B34AC0076D6E4 /* PhaseCell.swift */; };
		87FFA0122440D762002A2291 /* DistanceCell.swift in Sources */ = {isa = PBXBuildFile; fileRef = 87FED1FF1F85AC0900CBF258 /* DistanceCell.swift */; };
		87FFA0132440D762002A2291 /* PhaseEndCell.swift in Sources */ = {isa = PBXBuildFile; fileRef = 87FED2011F86B7BC00CBF258 /* PhaseEndCell.swift */; };
		87FFA0142440D762002A2291 /* PhaseSection.swift in Sources */ = {isa = PBXBuildFile; fileRef = 87FD01191F6C206D0076D6E4 /* PhaseSection.swift */; };
		87FFA0152440D762002A2291 /* PhaseViewController.swift in Sources */ = {isa = PBXBuildFile; fileRef = 87FD010F1F6B852E0076D6E4 /* PhaseViewController.swift */; };
		87FFA0162440D762002A2291 /* SelectActionHeader.swift in Sources */ = {isa = PBXBuildFile; fileRef = 87FD01171F6B8B570076D6E4 /* SelectActionHeader.swift */; };
		87FFA0172440D762002A2291 /* DataAccess.swift in Sources */ = {isa = PBXBuildFile; fileRef = 87B8B8EA1F6C64FB00A6989A /* DataAccess.swift */; };
		87FFA0182440D762002A2291 /* DurationPickerCell.swift in Sources */ = {isa = PBXBuildFile; fileRef = 87B8B8EE1F6D731C00A6989A /* DurationPickerCell.swift */; };
		87FFA0192440D762002A2291 /* RepeatCell.swift in Sources */ = {isa = PBXBuildFile; fileRef = 87B8B8F81F6D9A2400A6989A /* RepeatCell.swift */; };
		87FFA01A2440D762002A2291 /* WorkoutNameCell.swift in Sources */ = {isa = PBXBuildFile; fileRef = 87B8B8FA1F6DDC1500A6989A /* WorkoutNameCell.swift */; };
		87FFA01C2440DC58002A2291 /* BaseAppDelegate.swift in Sources */ = {isa = PBXBuildFile; fileRef = 87AD14821F644852009D778A /* BaseAppDelegate.swift */; };
		87FFA01D2440F0E2002A2291 /* Trainer.xcdatamodeld in Sources */ = {isa = PBXBuildFile; fileRef = 87AD14891F644852009D778A /* Trainer.xcdatamodeld */; };
		87FFA01E2440F3F1002A2291 /* AppDelegate.swift in Sources */ = {isa = PBXBuildFile; fileRef = 87FFA01B2440DBE7002A2291 /* AppDelegate.swift */; };
		87FFA0232444EB43002A2291 /* Localizable.strings in Resources */ = {isa = PBXBuildFile; fileRef = 87FFA0262444EB43002A2291 /* Localizable.strings */; };
		87FFA0242444EB43002A2291 /* Localizable.strings in Resources */ = {isa = PBXBuildFile; fileRef = 87FFA0262444EB43002A2291 /* Localizable.strings */; };
		AB15F42D499A00E77C69B321 /* Pods_Trainer.framework in Frameworks */ = {isa = PBXBuildFile; fileRef = 1DAA770C53D06FD83233FDF4 /* Pods_Trainer.framework */; };
/* End PBXBuildFile section */

/* Begin PBXContainerItemProxy section */
		873EB9BB24402BA10020BD9F /* PBXContainerItemProxy */ = {
			isa = PBXContainerItemProxy;
			containerPortal = 87AD14771F644852009D778A /* Project object */;
			proxyType = 1;
			remoteGlobalIDString = 873EB9A124402B9D0020BD9F;
			remoteInfo = TrainerPro;
		};
		873EB9C624402BA10020BD9F /* PBXContainerItemProxy */ = {
			isa = PBXContainerItemProxy;
			containerPortal = 87AD14771F644852009D778A /* Project object */;
			proxyType = 1;
			remoteGlobalIDString = 873EB9A124402B9D0020BD9F;
			remoteInfo = TrainerPro;
		};
		8790C14B244A216A001F7823 /* PBXContainerItemProxy */ = {
			isa = PBXContainerItemProxy;
			containerPortal = 87AD14771F644852009D778A /* Project object */;
			proxyType = 1;
			remoteGlobalIDString = 8790C148244A216A001F7823;
			remoteInfo = "Watch Extension";
		};
		8790C161244A216A001F7823 /* PBXContainerItemProxy */ = {
			isa = PBXContainerItemProxy;
			containerPortal = 87AD14771F644852009D778A /* Project object */;
			proxyType = 1;
			remoteGlobalIDString = 8790C13C244A2168001F7823;
			remoteInfo = Watch;
		};
		87AD14971F644852009D778A /* PBXContainerItemProxy */ = {
			isa = PBXContainerItemProxy;
			containerPortal = 87AD14771F644852009D778A /* Project object */;
			proxyType = 1;
			remoteGlobalIDString = 87AD147E1F644852009D778A;
			remoteInfo = Trainer;
		};
		87AD14A21F644852009D778A /* PBXContainerItemProxy */ = {
			isa = PBXContainerItemProxy;
			containerPortal = 87AD14771F644852009D778A /* Project object */;
			proxyType = 1;
			remoteGlobalIDString = 87AD147E1F644852009D778A;
			remoteInfo = Trainer;
		};
/* End PBXContainerItemProxy section */

/* Begin PBXCopyFilesBuildPhase section */
		8790C164244A216A001F7823 /* Embed Watch Content */ = {
			isa = PBXCopyFilesBuildPhase;
			buildActionMask = 2147483647;
			dstPath = "$(CONTENTS_FOLDER_PATH)/Watch";
			dstSubfolderSpec = 16;
			files = (
				8790C163244A216A001F7823 /* Watch.app in Embed Watch Content */,
			);
			name = "Embed Watch Content";
			runOnlyForDeploymentPostprocessing = 0;
		};
		8790C167244A216A001F7823 /* Embed App Extensions */ = {
			isa = PBXCopyFilesBuildPhase;
			buildActionMask = 2147483647;
			dstPath = "";
			dstSubfolderSpec = 13;
			files = (
				8790C14A244A216A001F7823 /* Watch Extension.appex in Embed App Extensions */,
			);
			name = "Embed App Extensions";
			runOnlyForDeploymentPostprocessing = 0;
		};
/* End PBXCopyFilesBuildPhase section */

/* Begin PBXFileReference section */
		1DAA770C53D06FD83233FDF4 /* Pods_Trainer.framework */ = {isa = PBXFileReference; explicitFileType = wrapper.framework; includeInIndex = 0; path = Pods_Trainer.framework; sourceTree = BUILT_PRODUCTS_DIR; };
		4E04B4DB381C87F9BCDD03BE /* Pods-TrainerPro.debug.xcconfig */ = {isa = PBXFileReference; includeInIndex = 1; lastKnownFileType = text.xcconfig; name = "Pods-TrainerPro.debug.xcconfig"; path = "Target Support Files/Pods-TrainerPro/Pods-TrainerPro.debug.xcconfig"; sourceTree = "<group>"; };
		870193101F6722750095D847 /* TrackWorkout.swift */ = {isa = PBXFileReference; lastKnownFileType = sourcecode.swift; path = TrackWorkout.swift; sourceTree = "<group>"; };
		873EB99C24402AE30020BD9F /* Podfile */ = {isa = PBXFileReference; fileEncoding = 4; lastKnownFileType = text; path = Podfile; sourceTree = "<group>"; };
		873EB9A224402B9D0020BD9F /* TrainerPro.app */ = {isa = PBXFileReference; explicitFileType = wrapper.application; includeInIndex = 0; path = TrainerPro.app; sourceTree = BUILT_PRODUCTS_DIR; };
		873EB9BA24402BA10020BD9F /* TrainerProTests.xctest */ = {isa = PBXFileReference; explicitFileType = wrapper.cfbundle; includeInIndex = 0; path = TrainerProTests.xctest; sourceTree = BUILT_PRODUCTS_DIR; };
		873EB9C524402BA10020BD9F /* TrainerProUITests.xctest */ = {isa = PBXFileReference; explicitFileType = wrapper.cfbundle; includeInIndex = 0; path = TrainerProUITests.xctest; sourceTree = BUILT_PRODUCTS_DIR; };
		873EB9D624402E010020BD9F /* Free.storyboard */ = {isa = PBXFileReference; lastKnownFileType = file.storyboard; path = Free.storyboard; sourceTree = "<group>"; };
		873EB9D8244030260020BD9F /* AdController.swift */ = {isa = PBXFileReference; fileEncoding = 4; lastKnownFileType = sourcecode.swift; path = AdController.swift; sourceTree = "<group>"; };
		873EB9D9244030270020BD9F /* Trainer_Free-header.h */ = {isa = PBXFileReference; fileEncoding = 4; lastKnownFileType = sourcecode.c.h; path = "Trainer_Free-header.h"; sourceTree = "<group>"; };
		873EB9DA244030270020BD9F /* AppDelegate.swift */ = {isa = PBXFileReference; fileEncoding = 4; lastKnownFileType = sourcecode.swift; path = AppDelegate.swift; sourceTree = "<group>"; };
		873EB9DB244030270020BD9F /* GoogleService-Info.plist */ = {isa = PBXFileReference; fileEncoding = 4; lastKnownFileType = text.plist.xml; path = "GoogleService-Info.plist"; sourceTree = "<group>"; };
		877952AA1F71ABDD00605317 /* Extensions.swift */ = {isa = PBXFileReference; fileEncoding = 4; lastKnownFileType = sourcecode.swift; path = Extensions.swift; sourceTree = "<group>"; };
		8790C13D244A2168001F7823 /* Watch.app */ = {isa = PBXFileReference; explicitFileType = wrapper.application; includeInIndex = 0; path = Watch.app; sourceTree = BUILT_PRODUCTS_DIR; };
		8790C140244A2168001F7823 /* Base */ = {isa = PBXFileReference; lastKnownFileType = file.storyboard; name = Base; path = Base.lproj/Interface.storyboard; sourceTree = "<group>"; };
		8790C142244A216A001F7823 /* Assets.xcassets */ = {isa = PBXFileReference; lastKnownFileType = folder.assetcatalog; path = Assets.xcassets; sourceTree = "<group>"; };
		8790C144244A216A001F7823 /* Info.plist */ = {isa = PBXFileReference; lastKnownFileType = text.plist.xml; path = Info.plist; sourceTree = "<group>"; };
		8790C149244A216A001F7823 /* Watch Extension.appex */ = {isa = PBXFileReference; explicitFileType = "wrapper.app-extension"; includeInIndex = 0; path = "Watch Extension.appex"; sourceTree = BUILT_PRODUCTS_DIR; };
		8790C14E244A216A001F7823 /* ContentView.swift */ = {isa = PBXFileReference; lastKnownFileType = sourcecode.swift; path = ContentView.swift; sourceTree = "<group>"; };
		8790C150244A216A001F7823 /* HostingController.swift */ = {isa = PBXFileReference; lastKnownFileType = sourcecode.swift; path = HostingController.swift; sourceTree = "<group>"; };
		8790C152244A216A001F7823 /* ExtensionDelegate.swift */ = {isa = PBXFileReference; lastKnownFileType = sourcecode.swift; path = ExtensionDelegate.swift; sourceTree = "<group>"; };
		8790C154244A216A001F7823 /* NotificationController.swift */ = {isa = PBXFileReference; lastKnownFileType = sourcecode.swift; path = NotificationController.swift; sourceTree = "<group>"; };
		8790C156244A216A001F7823 /* NotificationView.swift */ = {isa = PBXFileReference; lastKnownFileType = sourcecode.swift; path = NotificationView.swift; sourceTree = "<group>"; };
		8790C158244A216A001F7823 /* ComplicationController.swift */ = {isa = PBXFileReference; lastKnownFileType = sourcecode.swift; path = ComplicationController.swift; sourceTree = "<group>"; };
		8790C15A244A216A001F7823 /* Assets.xcassets */ = {isa = PBXFileReference; lastKnownFileType = folder.assetcatalog; path = Assets.xcassets; sourceTree = "<group>"; };
		8790C15D244A216A001F7823 /* Preview Assets.xcassets */ = {isa = PBXFileReference; lastKnownFileType = folder.assetcatalog; path = "Preview Assets.xcassets"; sourceTree = "<group>"; };
		8790C15F244A216A001F7823 /* Info.plist */ = {isa = PBXFileReference; lastKnownFileType = text.plist.xml; path = Info.plist; sourceTree = "<group>"; };
		8790C160244A216A001F7823 /* PushNotificationPayload.apns */ = {isa = PBXFileReference; lastKnownFileType = text; path = PushNotificationPayload.apns; sourceTree = "<group>"; };
		87A4CF2F1F6AF8FE004D49D1 /* WorkoutsViewController.swift */ = {isa = PBXFileReference; lastKnownFileType = sourcecode.swift; path = WorkoutsViewController.swift; sourceTree = "<group>"; };
		87A4CF311F6B15F3004D49D1 /* WorkoutCell.swift */ = {isa = PBXFileReference; lastKnownFileType = sourcecode.swift; path = WorkoutCell.swift; sourceTree = "<group>"; };
		87A5E5BF24B66973008E695A /* Trainer.entitlements */ = {isa = PBXFileReference; lastKnownFileType = text.plist.entitlements; path = Trainer.entitlements; sourceTree = "<group>"; };
		87AD147F1F644852009D778A /* Trainer.app */ = {isa = PBXFileReference; explicitFileType = wrapper.application; includeInIndex = 0; path = Trainer.app; sourceTree = BUILT_PRODUCTS_DIR; };
		87AD14821F644852009D778A /* BaseAppDelegate.swift */ = {isa = PBXFileReference; lastKnownFileType = sourcecode.swift; path = BaseAppDelegate.swift; sourceTree = "<group>"; };
		87AD14841F644852009D778A /* MainViewController.swift */ = {isa = PBXFileReference; lastKnownFileType = sourcecode.swift; path = MainViewController.swift; sourceTree = "<group>"; };
		87AD14871F644852009D778A /* Base */ = {isa = PBXFileReference; lastKnownFileType = file.storyboard; name = Base; path = Base.lproj/Main.storyboard; sourceTree = "<group>"; };
		87AD148A1F644852009D778A /* Trainer.xcdatamodel */ = {isa = PBXFileReference; lastKnownFileType = wrapper.xcdatamodel; path = Trainer.xcdatamodel; sourceTree = "<group>"; };
		87AD148C1F644852009D778A /* Assets.xcassets */ = {isa = PBXFileReference; lastKnownFileType = folder.assetcatalog; path = Assets.xcassets; sourceTree = "<group>"; };
		87AD148F1F644852009D778A /* Base */ = {isa = PBXFileReference; lastKnownFileType = file.storyboard; name = Base; path = Base.lproj/LaunchScreen.storyboard; sourceTree = "<group>"; };
		87AD14911F644852009D778A /* Info.plist */ = {isa = PBXFileReference; lastKnownFileType = text.plist.xml; path = Info.plist; sourceTree = "<group>"; };
		87AD14961F644852009D778A /* TrainerTests.xctest */ = {isa = PBXFileReference; explicitFileType = wrapper.cfbundle; includeInIndex = 0; path = TrainerTests.xctest; sourceTree = BUILT_PRODUCTS_DIR; };
		87AD149A1F644852009D778A /* TrainerTests.swift */ = {isa = PBXFileReference; lastKnownFileType = sourcecode.swift; path = TrainerTests.swift; sourceTree = "<group>"; };
		87AD149C1F644852009D778A /* Info.plist */ = {isa = PBXFileReference; lastKnownFileType = text.plist.xml; path = Info.plist; sourceTree = "<group>"; };
		87AD14A11F644852009D778A /* TrainerUITests.xctest */ = {isa = PBXFileReference; explicitFileType = wrapper.cfbundle; includeInIndex = 0; path = TrainerUITests.xctest; sourceTree = BUILT_PRODUCTS_DIR; };
		87AD14A51F644852009D778A /* TrainerUITests.swift */ = {isa = PBXFileReference; lastKnownFileType = sourcecode.swift; path = TrainerUITests.swift; sourceTree = "<group>"; };
		87AD14A71F644852009D778A /* Info.plist */ = {isa = PBXFileReference; lastKnownFileType = text.plist.xml; path = Info.plist; sourceTree = "<group>"; };
		87AD14B51F64788A009D778A /* TrackPhase.swift */ = {isa = PBXFileReference; lastKnownFileType = sourcecode.swift; path = TrackPhase.swift; sourceTree = "<group>"; };
		87B8B8EA1F6C64FB00A6989A /* DataAccess.swift */ = {isa = PBXFileReference; lastKnownFileType = sourcecode.swift; path = DataAccess.swift; sourceTree = "<group>"; };
		87B8B8EE1F6D731C00A6989A /* DurationPickerCell.swift */ = {isa = PBXFileReference; lastKnownFileType = sourcecode.swift; path = DurationPickerCell.swift; sourceTree = "<group>"; };
		87B8B8F21F6D84C500A6989A /* clong.caf */ = {isa = PBXFileReference; lastKnownFileType = file; path = clong.caf; sourceTree = "<group>"; };
		87B8B8F41F6D850900A6989A /* telephone-ring.caf */ = {isa = PBXFileReference; lastKnownFileType = file; path = "telephone-ring.caf"; sourceTree = "<group>"; };
		87B8B8F61F6D8F4D00A6989A /* IntervalsViewController.swift */ = {isa = PBXFileReference; lastKnownFileType = sourcecode.swift; path = IntervalsViewController.swift; sourceTree = "<group>"; };
		87B8B8F81F6D9A2400A6989A /* RepeatCell.swift */ = {isa = PBXFileReference; lastKnownFileType = sourcecode.swift; path = RepeatCell.swift; sourceTree = "<group>"; };
		87B8B8FA1F6DDC1500A6989A /* WorkoutNameCell.swift */ = {isa = PBXFileReference; lastKnownFileType = sourcecode.swift; path = WorkoutNameCell.swift; sourceTree = "<group>"; };
		87D3C9EC1FACBE6D0074C7AC /* Intervals.swift */ = {isa = PBXFileReference; lastKnownFileType = sourcecode.swift; name = Intervals.swift; path = Model/Intervals.swift; sourceTree = "<group>"; };
		87FD01091F6B32830076D6E4 /* PhasesViewController.swift */ = {isa = PBXFileReference; lastKnownFileType = sourcecode.swift; path = PhasesViewController.swift; sourceTree = "<group>"; };
		87FD010B1F6B34AC0076D6E4 /* PhaseCell.swift */ = {isa = PBXFileReference; lastKnownFileType = sourcecode.swift; path = PhaseCell.swift; sourceTree = "<group>"; };
		87FD010F1F6B852E0076D6E4 /* PhaseViewController.swift */ = {isa = PBXFileReference; lastKnownFileType = sourcecode.swift; path = PhaseViewController.swift; sourceTree = "<group>"; };
		87FD01171F6B8B570076D6E4 /* SelectActionHeader.swift */ = {isa = PBXFileReference; lastKnownFileType = sourcecode.swift; path = SelectActionHeader.swift; sourceTree = "<group>"; };
		87FD01191F6C206D0076D6E4 /* PhaseSection.swift */ = {isa = PBXFileReference; lastKnownFileType = sourcecode.swift; path = PhaseSection.swift; sourceTree = "<group>"; };
		87FED1FF1F85AC0900CBF258 /* DistanceCell.swift */ = {isa = PBXFileReference; lastKnownFileType = sourcecode.swift; path = DistanceCell.swift; sourceTree = "<group>"; };
		87FED2011F86B7BC00CBF258 /* PhaseEndCell.swift */ = {isa = PBXFileReference; lastKnownFileType = sourcecode.swift; path = PhaseEndCell.swift; sourceTree = "<group>"; };
		87FFA01B2440DBE7002A2291 /* AppDelegate.swift */ = {isa = PBXFileReference; lastKnownFileType = sourcecode.swift; path = AppDelegate.swift; sourceTree = "<group>"; };
		87FFA0252444EB43002A2291 /* en */ = {isa = PBXFileReference; lastKnownFileType = text.plist.strings; name = en; path = en.lproj/Localizable.strings; sourceTree = "<group>"; };
		CB13873148DD1A365DEBE85A /* Pods-TrainerPro.release.xcconfig */ = {isa = PBXFileReference; includeInIndex = 1; lastKnownFileType = text.xcconfig; name = "Pods-TrainerPro.release.xcconfig"; path = "Target Support Files/Pods-TrainerPro/Pods-TrainerPro.release.xcconfig"; sourceTree = "<group>"; };
		D1B89E522D4F7A2340780D5F /* Pods-Trainer.debug.xcconfig */ = {isa = PBXFileReference; includeInIndex = 1; lastKnownFileType = text.xcconfig; name = "Pods-Trainer.debug.xcconfig"; path = "Target Support Files/Pods-Trainer/Pods-Trainer.debug.xcconfig"; sourceTree = "<group>"; };
		DF3BA5F1F127B8D2F0D4BEB2 /* Pods_TrainerPro.framework */ = {isa = PBXFileReference; explicitFileType = wrapper.framework; includeInIndex = 0; path = Pods_TrainerPro.framework; sourceTree = BUILT_PRODUCTS_DIR; };
		F23A334348C42BD34DA9DEAC /* Pods-Trainer.release.xcconfig */ = {isa = PBXFileReference; includeInIndex = 1; lastKnownFileType = text.xcconfig; name = "Pods-Trainer.release.xcconfig"; path = "Target Support Files/Pods-Trainer/Pods-Trainer.release.xcconfig"; sourceTree = "<group>"; };
/* End PBXFileReference section */

/* Begin PBXFrameworksBuildPhase section */
		873EB99F24402B9D0020BD9F /* Frameworks */ = {
			isa = PBXFrameworksBuildPhase;
			buildActionMask = 2147483647;
			files = (
			);
			runOnlyForDeploymentPostprocessing = 0;
		};
		873EB9B724402BA10020BD9F /* Frameworks */ = {
			isa = PBXFrameworksBuildPhase;
			buildActionMask = 2147483647;
			files = (
			);
			runOnlyForDeploymentPostprocessing = 0;
		};
		873EB9C224402BA10020BD9F /* Frameworks */ = {
			isa = PBXFrameworksBuildPhase;
			buildActionMask = 2147483647;
			files = (
			);
			runOnlyForDeploymentPostprocessing = 0;
		};
		8790C146244A216A001F7823 /* Frameworks */ = {
			isa = PBXFrameworksBuildPhase;
			buildActionMask = 2147483647;
			files = (
			);
			runOnlyForDeploymentPostprocessing = 0;
		};
		87AD147C1F644852009D778A /* Frameworks */ = {
			isa = PBXFrameworksBuildPhase;
			buildActionMask = 2147483647;
			files = (
				AB15F42D499A00E77C69B321 /* Pods_Trainer.framework in Frameworks */,
			);
			runOnlyForDeploymentPostprocessing = 0;
		};
		87AD14931F644852009D778A /* Frameworks */ = {
			isa = PBXFrameworksBuildPhase;
			buildActionMask = 2147483647;
			files = (
			);
			runOnlyForDeploymentPostprocessing = 0;
		};
		87AD149E1F644852009D778A /* Frameworks */ = {
			isa = PBXFrameworksBuildPhase;
			buildActionMask = 2147483647;
			files = (
			);
			runOnlyForDeploymentPostprocessing = 0;
		};
/* End PBXFrameworksBuildPhase section */

/* Begin PBXGroup section */
		0A0D66B5654C37D3A50F774D /* Frameworks */ = {
			isa = PBXGroup;
			children = (
				1DAA770C53D06FD83233FDF4 /* Pods_Trainer.framework */,
				DF3BA5F1F127B8D2F0D4BEB2 /* Pods_TrainerPro.framework */,
			);
			name = Frameworks;
			sourceTree = "<group>";
		};
		64205579A03DA40CC8C2CA73 /* Pods */ = {
			isa = PBXGroup;
			children = (
				D1B89E522D4F7A2340780D5F /* Pods-Trainer.debug.xcconfig */,
				F23A334348C42BD34DA9DEAC /* Pods-Trainer.release.xcconfig */,
				4E04B4DB381C87F9BCDD03BE /* Pods-TrainerPro.debug.xcconfig */,
				CB13873148DD1A365DEBE85A /* Pods-TrainerPro.release.xcconfig */,
			);
			path = Pods;
			sourceTree = "<group>";
		};
		873EB9D524402DBE0020BD9F /* TrainerFree */ = {
			isa = PBXGroup;
			children = (
				873EB9D8244030260020BD9F /* AdController.swift */,
				873EB9DA244030270020BD9F /* AppDelegate.swift */,
				873EB9DB244030270020BD9F /* GoogleService-Info.plist */,
				873EB9D9244030270020BD9F /* Trainer_Free-header.h */,
				873EB9D624402E010020BD9F /* Free.storyboard */,
			);
			path = TrainerFree;
			sourceTree = "<group>";
		};
		8790C13E244A2168001F7823 /* Watch */ = {
			isa = PBXGroup;
			children = (
				8790C13F244A2168001F7823 /* Interface.storyboard */,
				8790C142244A216A001F7823 /* Assets.xcassets */,
				8790C144244A216A001F7823 /* Info.plist */,
			);
			path = Watch;
			sourceTree = "<group>";
		};
		8790C14D244A216A001F7823 /* Watch Extension */ = {
			isa = PBXGroup;
			children = (
				8790C14E244A216A001F7823 /* ContentView.swift */,
				8790C150244A216A001F7823 /* HostingController.swift */,
				8790C152244A216A001F7823 /* ExtensionDelegate.swift */,
				8790C154244A216A001F7823 /* NotificationController.swift */,
				8790C156244A216A001F7823 /* NotificationView.swift */,
				8790C158244A216A001F7823 /* ComplicationController.swift */,
				8790C15A244A216A001F7823 /* Assets.xcassets */,
				8790C15F244A216A001F7823 /* Info.plist */,
				8790C160244A216A001F7823 /* PushNotificationPayload.apns */,
				8790C15C244A216A001F7823 /* Preview Content */,
			);
			path = "Watch Extension";
			sourceTree = "<group>";
		};
		8790C15C244A216A001F7823 /* Preview Content */ = {
			isa = PBXGroup;
			children = (
				8790C15D244A216A001F7823 /* Preview Assets.xcassets */,
			);
			path = "Preview Content";
			sourceTree = "<group>";
		};
		87AD14761F644852009D778A = {
			isa = PBXGroup;
			children = (
				873EB9D524402DBE0020BD9F /* TrainerFree */,
				873EB99C24402AE30020BD9F /* Podfile */,
				87B8B8F41F6D850900A6989A /* telephone-ring.caf */,
				87B8B8F21F6D84C500A6989A /* clong.caf */,
				87AD14811F644852009D778A /* Trainer */,
				87AD14991F644852009D778A /* TrainerTests */,
				87AD14A41F644852009D778A /* TrainerUITests */,
				8790C13E244A2168001F7823 /* Watch */,
				8790C14D244A216A001F7823 /* Watch Extension */,
				87AD14801F644852009D778A /* Products */,
				64205579A03DA40CC8C2CA73 /* Pods */,
				0A0D66B5654C37D3A50F774D /* Frameworks */,
			);
			sourceTree = "<group>";
		};
		87AD14801F644852009D778A /* Products */ = {
			isa = PBXGroup;
			children = (
				87AD147F1F644852009D778A /* Trainer.app */,
				87AD14961F644852009D778A /* TrainerTests.xctest */,
				87AD14A11F644852009D778A /* TrainerUITests.xctest */,
				873EB9A224402B9D0020BD9F /* TrainerPro.app */,
				873EB9BA24402BA10020BD9F /* TrainerProTests.xctest */,
				873EB9C524402BA10020BD9F /* TrainerProUITests.xctest */,
				8790C13D244A2168001F7823 /* Watch.app */,
				8790C149244A216A001F7823 /* Watch Extension.appex */,
			);
			name = Products;
			sourceTree = "<group>";
		};
		87AD14811F644852009D778A /* Trainer */ = {
			isa = PBXGroup;
			children = (
				87A5E5BF24B66973008E695A /* Trainer.entitlements */,
				87FFA01B2440DBE7002A2291 /* AppDelegate.swift */,
				877952AA1F71ABDD00605317 /* Extensions.swift */,
				87AD14821F644852009D778A /* BaseAppDelegate.swift */,
				87AD14841F644852009D778A /* MainViewController.swift */,
				87AD14861F644852009D778A /* Main.storyboard */,
				87AD148C1F644852009D778A /* Assets.xcassets */,
				87AD148E1F644852009D778A /* LaunchScreen.storyboard */,
				87AD14911F644852009D778A /* Info.plist */,
				87AD14891F644852009D778A /* Trainer.xcdatamodeld */,
				870193101F6722750095D847 /* TrackWorkout.swift */,
				87AD14B51F64788A009D778A /* TrackPhase.swift */,
				87D3C9EC1FACBE6D0074C7AC /* Intervals.swift */,
				87A4CF2F1F6AF8FE004D49D1 /* WorkoutsViewController.swift */,
				87A4CF311F6B15F3004D49D1 /* WorkoutCell.swift */,
				87FD01091F6B32830076D6E4 /* PhasesViewController.swift */,
				87B8B8F61F6D8F4D00A6989A /* IntervalsViewController.swift */,
				87FD010B1F6B34AC0076D6E4 /* PhaseCell.swift */,
				87FED1FF1F85AC0900CBF258 /* DistanceCell.swift */,
				87FED2011F86B7BC00CBF258 /* PhaseEndCell.swift */,
				87FD01191F6C206D0076D6E4 /* PhaseSection.swift */,
				87FD010F1F6B852E0076D6E4 /* PhaseViewController.swift */,
				87FD01171F6B8B570076D6E4 /* SelectActionHeader.swift */,
				87B8B8EA1F6C64FB00A6989A /* DataAccess.swift */,
				87B8B8EE1F6D731C00A6989A /* DurationPickerCell.swift */,
				87B8B8F81F6D9A2400A6989A /* RepeatCell.swift */,
				87B8B8FA1F6DDC1500A6989A /* WorkoutNameCell.swift */,
				87FFA0262444EB43002A2291 /* Localizable.strings */,
			);
			path = Trainer;
			sourceTree = "<group>";
		};
		87AD14991F644852009D778A /* TrainerTests */ = {
			isa = PBXGroup;
			children = (
				87AD149A1F644852009D778A /* TrainerTests.swift */,
				87AD149C1F644852009D778A /* Info.plist */,
			);
			path = TrainerTests;
			sourceTree = "<group>";
		};
		87AD14A41F644852009D778A /* TrainerUITests */ = {
			isa = PBXGroup;
			children = (
				87AD14A51F644852009D778A /* TrainerUITests.swift */,
				87AD14A71F644852009D778A /* Info.plist */,
			);
			path = TrainerUITests;
			sourceTree = "<group>";
		};
/* End PBXGroup section */

/* Begin PBXNativeTarget section */
		873EB9A124402B9D0020BD9F /* TrainerPro */ = {
			isa = PBXNativeTarget;
			buildConfigurationList = 873EB9CC24402BA10020BD9F /* Build configuration list for PBXNativeTarget "TrainerPro" */;
			buildPhases = (
				B6CB6E0A6A27224D20DF51F7 /* [CP] Check Pods Manifest.lock */,
				873EB99E24402B9D0020BD9F /* Sources */,
				873EB99F24402B9D0020BD9F /* Frameworks */,
				873EB9A024402B9D0020BD9F /* Resources */,
			);
			buildRules = (
			);
			dependencies = (
			);
			name = TrainerPro;
			productName = TrainerPro;
			productReference = 873EB9A224402B9D0020BD9F /* TrainerPro.app */;
			productType = "com.apple.product-type.application";
		};
		873EB9B924402BA10020BD9F /* TrainerProTests */ = {
			isa = PBXNativeTarget;
			buildConfigurationList = 873EB9CF24402BA10020BD9F /* Build configuration list for PBXNativeTarget "TrainerProTests" */;
			buildPhases = (
				873EB9B624402BA10020BD9F /* Sources */,
				873EB9B724402BA10020BD9F /* Frameworks */,
				873EB9B824402BA10020BD9F /* Resources */,
			);
			buildRules = (
			);
			dependencies = (
				873EB9BC24402BA10020BD9F /* PBXTargetDependency */,
			);
			name = TrainerProTests;
			productName = TrainerProTests;
			productReference = 873EB9BA24402BA10020BD9F /* TrainerProTests.xctest */;
			productType = "com.apple.product-type.bundle.unit-test";
		};
		873EB9C424402BA10020BD9F /* TrainerProUITests */ = {
			isa = PBXNativeTarget;
			buildConfigurationList = 873EB9D224402BA10020BD9F /* Build configuration list for PBXNativeTarget "TrainerProUITests" */;
			buildPhases = (
				873EB9C124402BA10020BD9F /* Sources */,
				873EB9C224402BA10020BD9F /* Frameworks */,
				873EB9C324402BA10020BD9F /* Resources */,
			);
			buildRules = (
			);
			dependencies = (
				873EB9C724402BA10020BD9F /* PBXTargetDependency */,
			);
			name = TrainerProUITests;
			productName = TrainerProUITests;
			productReference = 873EB9C524402BA10020BD9F /* TrainerProUITests.xctest */;
			productType = "com.apple.product-type.bundle.ui-testing";
		};
		8790C13C244A2168001F7823 /* Watch */ = {
			isa = PBXNativeTarget;
			buildConfigurationList = 8790C16B244A216A001F7823 /* Build configuration list for PBXNativeTarget "Watch" */;
			buildPhases = (
				8790C13B244A2168001F7823 /* Resources */,
				8790C167244A216A001F7823 /* Embed App Extensions */,
			);
			buildRules = (
			);
			dependencies = (
				8790C14C244A216A001F7823 /* PBXTargetDependency */,
			);
			name = Watch;
			productName = Watch;
			productReference = 8790C13D244A2168001F7823 /* Watch.app */;
			productType = "com.apple.product-type.application.watchapp2";
		};
		8790C148244A216A001F7823 /* Watch Extension */ = {
			isa = PBXNativeTarget;
			buildConfigurationList = 8790C16A244A216A001F7823 /* Build configuration list for PBXNativeTarget "Watch Extension" */;
			buildPhases = (
				8790C145244A216A001F7823 /* Sources */,
				8790C146244A216A001F7823 /* Frameworks */,
				8790C147244A216A001F7823 /* Resources */,
			);
			buildRules = (
			);
			dependencies = (
			);
			name = "Watch Extension";
			productName = "Watch Extension";
			productReference = 8790C149244A216A001F7823 /* Watch Extension.appex */;
			productType = "com.apple.product-type.watchkit2-extension";
		};
		87AD147E1F644852009D778A /* Trainer */ = {
			isa = PBXNativeTarget;
			buildConfigurationList = 87AD14AA1F644852009D778A /* Build configuration list for PBXNativeTarget "Trainer" */;
			buildPhases = (
				57414E61EB56D5F5F4DB3987 /* [CP] Check Pods Manifest.lock */,
				87AD147B1F644852009D778A /* Sources */,
				87AD147C1F644852009D778A /* Frameworks */,
				87AD147D1F644852009D778A /* Resources */,
				A13C6C2A2BE807C37C9071B8 /* [CP] Embed Pods Frameworks */,
				8790C164244A216A001F7823 /* Embed Watch Content */,
			);
			buildRules = (
			);
			dependencies = (
				8790C162244A216A001F7823 /* PBXTargetDependency */,
			);
			name = Trainer;
			productName = Trainer;
			productReference = 87AD147F1F644852009D778A /* Trainer.app */;
			productType = "com.apple.product-type.application";
		};
		87AD14951F644852009D778A /* TrainerTests */ = {
			isa = PBXNativeTarget;
			buildConfigurationList = 87AD14AD1F644852009D778A /* Build configuration list for PBXNativeTarget "TrainerTests" */;
			buildPhases = (
				87AD14921F644852009D778A /* Sources */,
				87AD14931F644852009D778A /* Frameworks */,
				87AD14941F644852009D778A /* Resources */,
			);
			buildRules = (
			);
			dependencies = (
				87AD14981F644852009D778A /* PBXTargetDependency */,
			);
			name = TrainerTests;
			productName = TrainerTests;
			productReference = 87AD14961F644852009D778A /* TrainerTests.xctest */;
			productType = "com.apple.product-type.bundle.unit-test";
		};
		87AD14A01F644852009D778A /* TrainerUITests */ = {
			isa = PBXNativeTarget;
			buildConfigurationList = 87AD14B01F644852009D778A /* Build configuration list for PBXNativeTarget "TrainerUITests" */;
			buildPhases = (
				87AD149D1F644852009D778A /* Sources */,
				87AD149E1F644852009D778A /* Frameworks */,
				87AD149F1F644852009D778A /* Resources */,
			);
			buildRules = (
			);
			dependencies = (
				87AD14A31F644852009D778A /* PBXTargetDependency */,
			);
			name = TrainerUITests;
			productName = TrainerUITests;
			productReference = 87AD14A11F644852009D778A /* TrainerUITests.xctest */;
			productType = "com.apple.product-type.bundle.ui-testing";
		};
/* End PBXNativeTarget section */

/* Begin PBXProject section */
		87AD14771F644852009D778A /* Project object */ = {
			isa = PBXProject;
			attributes = {
				LastSwiftUpdateCheck = 1140;
				LastUpgradeCheck = 1200;
				ORGANIZATIONNAME = "The Inquisitive Introvert";
				TargetAttributes = {
					873EB9A124402B9D0020BD9F = {
						CreatedOnToolsVersion = 11.4;
						ProvisioningStyle = Automatic;
					};
					873EB9B924402BA10020BD9F = {
						CreatedOnToolsVersion = 11.4;
						ProvisioningStyle = Automatic;
						TestTargetID = 873EB9A124402B9D0020BD9F;
					};
					873EB9C424402BA10020BD9F = {
						CreatedOnToolsVersion = 11.4;
						ProvisioningStyle = Automatic;
						TestTargetID = 873EB9A124402B9D0020BD9F;
					};
					8790C13C244A2168001F7823 = {
						CreatedOnToolsVersion = 11.4.1;
					};
					8790C148244A216A001F7823 = {
						CreatedOnToolsVersion = 11.4.1;
					};
					87AD147E1F644852009D778A = {
						CreatedOnToolsVersion = 9.0;
						LastSwiftMigration = 1130;
						ProvisioningStyle = Automatic;
					};
					87AD14951F644852009D778A = {
						CreatedOnToolsVersion = 9.0;
						LastSwiftMigration = 1130;
						ProvisioningStyle = Automatic;
						TestTargetID = 87AD147E1F644852009D778A;
					};
					87AD14A01F644852009D778A = {
						CreatedOnToolsVersion = 9.0;
						LastSwiftMigration = 1130;
						ProvisioningStyle = Automatic;
						TestTargetID = 87AD147E1F644852009D778A;
					};
				};
			};
			buildConfigurationList = 87AD147A1F644852009D778A /* Build configuration list for PBXProject "Trainer" */;
			compatibilityVersion = "Xcode 11.4";
			developmentRegion = en;
			hasScannedForEncodings = 0;
			knownRegions = (
				en,
				Base,
			);
			mainGroup = 87AD14761F644852009D778A;
			productRefGroup = 87AD14801F644852009D778A /* Products */;
			projectDirPath = "";
			projectRoot = "";
			targets = (
				87AD147E1F644852009D778A /* Trainer */,
				87AD14951F644852009D778A /* TrainerTests */,
				87AD14A01F644852009D778A /* TrainerUITests */,
				873EB9A124402B9D0020BD9F /* TrainerPro */,
				873EB9B924402BA10020BD9F /* TrainerProTests */,
				873EB9C424402BA10020BD9F /* TrainerProUITests */,
				8790C13C244A2168001F7823 /* Watch */,
				8790C148244A216A001F7823 /* Watch Extension */,
			);
		};
/* End PBXProject section */

/* Begin PBXResourcesBuildPhase section */
		873EB9A024402B9D0020BD9F /* Resources */ = {
			isa = PBXResourcesBuildPhase;
			buildActionMask = 2147483647;
			files = (
				87FFA0072440D744002A2291 /* LaunchScreen.storyboard in Resources */,
				87FFA0242444EB43002A2291 /* Localizable.strings in Resources */,
				87FFA0052440D738002A2291 /* Main.storyboard in Resources */,
				87FFA0062440D73D002A2291 /* Assets.xcassets in Resources */,
			);
			runOnlyForDeploymentPostprocessing = 0;
		};
		873EB9B824402BA10020BD9F /* Resources */ = {
			isa = PBXResourcesBuildPhase;
			buildActionMask = 2147483647;
			files = (
			);
			runOnlyForDeploymentPostprocessing = 0;
		};
		873EB9C324402BA10020BD9F /* Resources */ = {
			isa = PBXResourcesBuildPhase;
			buildActionMask = 2147483647;
			files = (
			);
			runOnlyForDeploymentPostprocessing = 0;
		};
		8790C13B244A2168001F7823 /* Resources */ = {
			isa = PBXResourcesBuildPhase;
			buildActionMask = 2147483647;
			files = (
				8790C143244A216A001F7823 /* Assets.xcassets in Resources */,
				8790C141244A2168001F7823 /* Interface.storyboard in Resources */,
			);
			runOnlyForDeploymentPostprocessing = 0;
		};
		8790C147244A216A001F7823 /* Resources */ = {
			isa = PBXResourcesBuildPhase;
			buildActionMask = 2147483647;
			files = (
				8790C15E244A216A001F7823 /* Preview Assets.xcassets in Resources */,
				8790C15B244A216A001F7823 /* Assets.xcassets in Resources */,
			);
			runOnlyForDeploymentPostprocessing = 0;
		};
		87AD147D1F644852009D778A /* Resources */ = {
			isa = PBXResourcesBuildPhase;
			buildActionMask = 2147483647;
			files = (
				873EB99D24402AE30020BD9F /* Podfile in Resources */,
				873EB9DE244030270020BD9F /* GoogleService-Info.plist in Resources */,
				87AD14901F644852009D778A /* LaunchScreen.storyboard in Resources */,
				87AD148D1F644852009D778A /* Assets.xcassets in Resources */,
				87FFA0232444EB43002A2291 /* Localizable.strings in Resources */,
				87B8B8F31F6D84C500A6989A /* clong.caf in Resources */,
				87AD14881F644852009D778A /* Main.storyboard in Resources */,
				87B8B8F51F6D850900A6989A /* telephone-ring.caf in Resources */,
				873EB9D724402E010020BD9F /* Free.storyboard in Resources */,
			);
			runOnlyForDeploymentPostprocessing = 0;
		};
		87AD14941F644852009D778A /* Resources */ = {
			isa = PBXResourcesBuildPhase;
			buildActionMask = 2147483647;
			files = (
			);
			runOnlyForDeploymentPostprocessing = 0;
		};
		87AD149F1F644852009D778A /* Resources */ = {
			isa = PBXResourcesBuildPhase;
			buildActionMask = 2147483647;
			files = (
			);
			runOnlyForDeploymentPostprocessing = 0;
		};
/* End PBXResourcesBuildPhase section */

/* Begin PBXShellScriptBuildPhase section */
		57414E61EB56D5F5F4DB3987 /* [CP] Check Pods Manifest.lock */ = {
			isa = PBXShellScriptBuildPhase;
			buildActionMask = 2147483647;
			files = (
			);
			inputFileListPaths = (
			);
			inputPaths = (
				"${PODS_PODFILE_DIR_PATH}/Podfile.lock",
				"${PODS_ROOT}/Manifest.lock",
			);
			name = "[CP] Check Pods Manifest.lock";
			outputFileListPaths = (
			);
			outputPaths = (
				"$(DERIVED_FILE_DIR)/Pods-Trainer-checkManifestLockResult.txt",
			);
			runOnlyForDeploymentPostprocessing = 0;
			shellPath = /bin/sh;
			shellScript = "diff \"${PODS_PODFILE_DIR_PATH}/Podfile.lock\" \"${PODS_ROOT}/Manifest.lock\" > /dev/null\nif [ $? != 0 ] ; then\n    # print error to STDERR\n    echo \"error: The sandbox is not in sync with the Podfile.lock. Run 'pod install' or update your CocoaPods installation.\" >&2\n    exit 1\nfi\n# This output is used by Xcode 'outputs' to avoid re-running this script phase.\necho \"SUCCESS\" > \"${SCRIPT_OUTPUT_FILE_0}\"\n";
			showEnvVarsInLog = 0;
		};
		A13C6C2A2BE807C37C9071B8 /* [CP] Embed Pods Frameworks */ = {
			isa = PBXShellScriptBuildPhase;
			buildActionMask = 2147483647;
			files = (
			);
			inputPaths = (
				"${PODS_ROOT}/Target Support Files/Pods-Trainer/Pods-Trainer-frameworks.sh",
				"${BUILT_PRODUCTS_DIR}/FBSDKCoreKit/FBSDKCoreKit.framework",
				"${BUILT_PRODUCTS_DIR}/GoogleUtilities/GoogleUtilities.framework",
				"${BUILT_PRODUCTS_DIR}/PersonalizedAdConsent/PersonalizedAdConsent.framework",
				"${BUILT_PRODUCTS_DIR}/PromisesObjC/FBLPromises.framework",
				"${BUILT_PRODUCTS_DIR}/nanopb/nanopb.framework",
			);
			name = "[CP] Embed Pods Frameworks";
			outputPaths = (
				"${TARGET_BUILD_DIR}/${FRAMEWORKS_FOLDER_PATH}/FBSDKCoreKit.framework",
				"${TARGET_BUILD_DIR}/${FRAMEWORKS_FOLDER_PATH}/GoogleUtilities.framework",
				"${TARGET_BUILD_DIR}/${FRAMEWORKS_FOLDER_PATH}/PersonalizedAdConsent.framework",
				"${TARGET_BUILD_DIR}/${FRAMEWORKS_FOLDER_PATH}/FBLPromises.framework",
				"${TARGET_BUILD_DIR}/${FRAMEWORKS_FOLDER_PATH}/nanopb.framework",
			);
			runOnlyForDeploymentPostprocessing = 0;
			shellPath = /bin/sh;
			shellScript = "\"${PODS_ROOT}/Target Support Files/Pods-Trainer/Pods-Trainer-frameworks.sh\"\n";
			showEnvVarsInLog = 0;
		};
		B6CB6E0A6A27224D20DF51F7 /* [CP] Check Pods Manifest.lock */ = {
			isa = PBXShellScriptBuildPhase;
			buildActionMask = 2147483647;
			files = (
			);
			inputFileListPaths = (
			);
			inputPaths = (
				"${PODS_PODFILE_DIR_PATH}/Podfile.lock",
				"${PODS_ROOT}/Manifest.lock",
			);
			name = "[CP] Check Pods Manifest.lock";
			outputFileListPaths = (
			);
			outputPaths = (
				"$(DERIVED_FILE_DIR)/Pods-TrainerPro-checkManifestLockResult.txt",
			);
			runOnlyForDeploymentPostprocessing = 0;
			shellPath = /bin/sh;
			shellScript = "diff \"${PODS_PODFILE_DIR_PATH}/Podfile.lock\" \"${PODS_ROOT}/Manifest.lock\" > /dev/null\nif [ $? != 0 ] ; then\n    # print error to STDERR\n    echo \"error: The sandbox is not in sync with the Podfile.lock. Run 'pod install' or update your CocoaPods installation.\" >&2\n    exit 1\nfi\n# This output is used by Xcode 'outputs' to avoid re-running this script phase.\necho \"SUCCESS\" > \"${SCRIPT_OUTPUT_FILE_0}\"\n";
			showEnvVarsInLog = 0;
		};
/* End PBXShellScriptBuildPhase section */

/* Begin PBXSourcesBuildPhase section */
		873EB99E24402B9D0020BD9F /* Sources */ = {
			isa = PBXSourcesBuildPhase;
			buildActionMask = 2147483647;
			files = (
				87FFA00B2440D762002A2291 /* TrackPhase.swift in Sources */,
				87FFA0042440D734002A2291 /* MainViewController.swift in Sources */,
				87FFA0152440D762002A2291 /* PhaseViewController.swift in Sources */,
				87FFA01A2440D762002A2291 /* WorkoutNameCell.swift in Sources */,
				87FFA00E2440D762002A2291 /* WorkoutCell.swift in Sources */,
				87FFA0032440D72E002A2291 /* Extensions.swift in Sources */,
				87FFA01E2440F3F1002A2291 /* AppDelegate.swift in Sources */,
				87FFA00D2440D762002A2291 /* WorkoutsViewController.swift in Sources */,
				87FFA00F2440D762002A2291 /* PhasesViewController.swift in Sources */,
				87FFA0122440D762002A2291 /* DistanceCell.swift in Sources */,
				87FFA0162440D762002A2291 /* SelectActionHeader.swift in Sources */,
				87FFA0132440D762002A2291 /* PhaseEndCell.swift in Sources */,
				87FFA0172440D762002A2291 /* DataAccess.swift in Sources */,
				87FFA00A2440D75C002A2291 /* TrackWorkout.swift in Sources */,
				87FFA0192440D762002A2291 /* RepeatCell.swift in Sources */,
				87FFA0022440D71F002A2291 /* BaseAppDelegate.swift in Sources */,
				87FFA0142440D762002A2291 /* PhaseSection.swift in Sources */,
				87FFA0182440D762002A2291 /* DurationPickerCell.swift in Sources */,
				87FFA0102440D762002A2291 /* IntervalsViewController.swift in Sources */,
				87FFA00C2440D762002A2291 /* Intervals.swift in Sources */,
				87FFA0112440D762002A2291 /* PhaseCell.swift in Sources */,
				87FFA01D2440F0E2002A2291 /* Trainer.xcdatamodeld in Sources */,
			);
			runOnlyForDeploymentPostprocessing = 0;
		};
		873EB9B624402BA10020BD9F /* Sources */ = {
			isa = PBXSourcesBuildPhase;
			buildActionMask = 2147483647;
			files = (
			);
			runOnlyForDeploymentPostprocessing = 0;
		};
		873EB9C124402BA10020BD9F /* Sources */ = {
			isa = PBXSourcesBuildPhase;
			buildActionMask = 2147483647;
			files = (
			);
			runOnlyForDeploymentPostprocessing = 0;
		};
		8790C145244A216A001F7823 /* Sources */ = {
			isa = PBXSourcesBuildPhase;
			buildActionMask = 2147483647;
			files = (
				8790C151244A216A001F7823 /* HostingController.swift in Sources */,
				8790C14F244A216A001F7823 /* ContentView.swift in Sources */,
				8790C155244A216A001F7823 /* NotificationController.swift in Sources */,
				8790C153244A216A001F7823 /* ExtensionDelegate.swift in Sources */,
				8790C157244A216A001F7823 /* NotificationView.swift in Sources */,
				8790C159244A216A001F7823 /* ComplicationController.swift in Sources */,
			);
			runOnlyForDeploymentPostprocessing = 0;
		};
		87AD147B1F644852009D778A /* Sources */ = {
			isa = PBXSourcesBuildPhase;
			buildActionMask = 2147483647;
			files = (
				87AD148B1F644852009D778A /* Trainer.xcdatamodeld in Sources */,
				877952AB1F71ABDD00605317 /* Extensions.swift in Sources */,
				87A4CF301F6AF8FE004D49D1 /* WorkoutsViewController.swift in Sources */,
				87FD010C1F6B34AC0076D6E4 /* PhaseCell.swift in Sources */,
				87FED2001F85AC0900CBF258 /* DistanceCell.swift in Sources */,
				87FD01181F6B8B570076D6E4 /* SelectActionHeader.swift in Sources */,
				87B8B8FB1F6DDC1500A6989A /* WorkoutNameCell.swift in Sources */,
				87AD14851F644852009D778A /* MainViewController.swift in Sources */,
				87FED2021F86B7BC00CBF258 /* PhaseEndCell.swift in Sources */,
				873EB9DC244030270020BD9F /* AdController.swift in Sources */,
				87B8B8EF1F6D731C00A6989A /* DurationPickerCell.swift in Sources */,
				87B8B8F71F6D8F4D00A6989A /* IntervalsViewController.swift in Sources */,
				87B8B8EB1F6C64FC00A6989A /* DataAccess.swift in Sources */,
				87AD14B61F64788A009D778A /* TrackPhase.swift in Sources */,
				87B8B8F91F6D9A2400A6989A /* RepeatCell.swift in Sources */,
				87FD01111F6B852E0076D6E4 /* PhaseViewController.swift in Sources */,
				870193111F6722750095D847 /* TrackWorkout.swift in Sources */,
				87A4CF321F6B15F3004D49D1 /* WorkoutCell.swift in Sources */,
				87FD010A1F6B32830076D6E4 /* PhasesViewController.swift in Sources */,
				87FD011A1F6C206D0076D6E4 /* PhaseSection.swift in Sources */,
				87D3C9ED1FACBE6D0074C7AC /* Intervals.swift in Sources */,
				873EB9DD244030270020BD9F /* AppDelegate.swift in Sources */,
				87FFA01C2440DC58002A2291 /* BaseAppDelegate.swift in Sources */,
			);
			runOnlyForDeploymentPostprocessing = 0;
		};
		87AD14921F644852009D778A /* Sources */ = {
			isa = PBXSourcesBuildPhase;
			buildActionMask = 2147483647;
			files = (
				87AD149B1F644852009D778A /* TrainerTests.swift in Sources */,
			);
			runOnlyForDeploymentPostprocessing = 0;
		};
		87AD149D1F644852009D778A /* Sources */ = {
			isa = PBXSourcesBuildPhase;
			buildActionMask = 2147483647;
			files = (
				87AD14A61F644852009D778A /* TrainerUITests.swift in Sources */,
			);
			runOnlyForDeploymentPostprocessing = 0;
		};
/* End PBXSourcesBuildPhase section */

/* Begin PBXTargetDependency section */
		873EB9BC24402BA10020BD9F /* PBXTargetDependency */ = {
			isa = PBXTargetDependency;
			target = 873EB9A124402B9D0020BD9F /* TrainerPro */;
			targetProxy = 873EB9BB24402BA10020BD9F /* PBXContainerItemProxy */;
		};
		873EB9C724402BA10020BD9F /* PBXTargetDependency */ = {
			isa = PBXTargetDependency;
			target = 873EB9A124402B9D0020BD9F /* TrainerPro */;
			targetProxy = 873EB9C624402BA10020BD9F /* PBXContainerItemProxy */;
		};
		8790C14C244A216A001F7823 /* PBXTargetDependency */ = {
			isa = PBXTargetDependency;
			target = 8790C148244A216A001F7823 /* Watch Extension */;
			targetProxy = 8790C14B244A216A001F7823 /* PBXContainerItemProxy */;
		};
		8790C162244A216A001F7823 /* PBXTargetDependency */ = {
			isa = PBXTargetDependency;
			platformFilter = ios;
			target = 8790C13C244A2168001F7823 /* Watch */;
			targetProxy = 8790C161244A216A001F7823 /* PBXContainerItemProxy */;
		};
		87AD14981F644852009D778A /* PBXTargetDependency */ = {
			isa = PBXTargetDependency;
			target = 87AD147E1F644852009D778A /* Trainer */;
			targetProxy = 87AD14971F644852009D778A /* PBXContainerItemProxy */;
		};
		87AD14A31F644852009D778A /* PBXTargetDependency */ = {
			isa = PBXTargetDependency;
			target = 87AD147E1F644852009D778A /* Trainer */;
			targetProxy = 87AD14A21F644852009D778A /* PBXContainerItemProxy */;
		};
/* End PBXTargetDependency section */

/* Begin PBXVariantGroup section */
		8790C13F244A2168001F7823 /* Interface.storyboard */ = {
			isa = PBXVariantGroup;
			children = (
				8790C140244A2168001F7823 /* Base */,
			);
			name = Interface.storyboard;
			sourceTree = "<group>";
		};
		87AD14861F644852009D778A /* Main.storyboard */ = {
			isa = PBXVariantGroup;
			children = (
				87AD14871F644852009D778A /* Base */,
			);
			name = Main.storyboard;
			sourceTree = "<group>";
		};
		87AD148E1F644852009D778A /* LaunchScreen.storyboard */ = {
			isa = PBXVariantGroup;
			children = (
				87AD148F1F644852009D778A /* Base */,
			);
			name = LaunchScreen.storyboard;
			sourceTree = "<group>";
		};
		87FFA0262444EB43002A2291 /* Localizable.strings */ = {
			isa = PBXVariantGroup;
			children = (
				87FFA0252444EB43002A2291 /* en */,
			);
			name = Localizable.strings;
			sourceTree = "<group>";
		};
/* End PBXVariantGroup section */

/* Begin XCBuildConfiguration section */
		873EB9CD24402BA10020BD9F /* Debug */ = {
			isa = XCBuildConfiguration;
			baseConfigurationReference = 4E04B4DB381C87F9BCDD03BE /* Pods-TrainerPro.debug.xcconfig */;
			buildSettings = {
				ASSETCATALOG_COMPILER_APPICON_NAME = AppIcon;
				CLANG_ENABLE_OBJC_WEAK = YES;
				CODE_SIGN_STYLE = Automatic;
				CURRENT_PROJECT_VERSION = 1.0;
				DEVELOPMENT_TEAM = XZ8NRDZGBL;
				ENABLE_PREVIEWS = YES;
				INFOPLIST_FILE = Trainer/Info.plist;
				IPHONEOS_DEPLOYMENT_TARGET = 13.4;
				LD_RUNPATH_SEARCH_PATHS = (
					"$(inherited)",
					"@executable_path/Frameworks",
				);
				MARKETING_VERSION = 1;
				MTL_ENABLE_DEBUG_INFO = INCLUDE_SOURCE;
				MTL_FAST_MATH = YES;
				ONLY_ACTIVE_ARCH = NO;
				PRODUCT_BUNDLE_IDENTIFIER = com.inq.TrainerPro;
				PRODUCT_NAME = "$(TARGET_NAME)";
				SWIFT_VERSION = 5.0;
				TARGETED_DEVICE_FAMILY = "1,2";
			};
			name = Debug;
		};
		873EB9CE24402BA10020BD9F /* Release */ = {
			isa = XCBuildConfiguration;
			baseConfigurationReference = CB13873148DD1A365DEBE85A /* Pods-TrainerPro.release.xcconfig */;
			buildSettings = {
				ASSETCATALOG_COMPILER_APPICON_NAME = AppIcon;
				CLANG_ENABLE_OBJC_WEAK = YES;
				CODE_SIGN_STYLE = Automatic;
				CURRENT_PROJECT_VERSION = 1.0;
				DEVELOPMENT_TEAM = XZ8NRDZGBL;
				ENABLE_PREVIEWS = YES;
				INFOPLIST_FILE = Trainer/Info.plist;
				IPHONEOS_DEPLOYMENT_TARGET = 13.4;
				LD_RUNPATH_SEARCH_PATHS = (
					"$(inherited)",
					"@executable_path/Frameworks",
				);
				MARKETING_VERSION = 1;
				MTL_FAST_MATH = YES;
				PRODUCT_BUNDLE_IDENTIFIER = com.inq.TrainerPro;
				PRODUCT_NAME = "$(TARGET_NAME)";
				SWIFT_VERSION = 5.0;
				TARGETED_DEVICE_FAMILY = "1,2";
			};
			name = Release;
		};
		873EB9D024402BA10020BD9F /* Debug */ = {
			isa = XCBuildConfiguration;
			buildSettings = {
				ALWAYS_EMBED_SWIFT_STANDARD_LIBRARIES = YES;
				BUNDLE_LOADER = "$(TEST_HOST)";
				CLANG_ENABLE_OBJC_WEAK = YES;
				CODE_SIGN_STYLE = Automatic;
				DEVELOPMENT_TEAM = XZ8NRDZGBL;
				INFOPLIST_FILE = TrainerProTests/Info.plist;
				IPHONEOS_DEPLOYMENT_TARGET = 13.4;
				LD_RUNPATH_SEARCH_PATHS = (
					"$(inherited)",
					"@executable_path/Frameworks",
					"@loader_path/Frameworks",
				);
				MTL_ENABLE_DEBUG_INFO = INCLUDE_SOURCE;
				MTL_FAST_MATH = YES;
				PRODUCT_BUNDLE_IDENTIFIER = com.inq.TrainerProTests;
				PRODUCT_NAME = "$(TARGET_NAME)";
				SWIFT_VERSION = 5.0;
				TARGETED_DEVICE_FAMILY = "1,2";
				TEST_HOST = "$(BUILT_PRODUCTS_DIR)/TrainerPro.app/TrainerPro";
			};
			name = Debug;
		};
		873EB9D124402BA10020BD9F /* Release */ = {
			isa = XCBuildConfiguration;
			buildSettings = {
				ALWAYS_EMBED_SWIFT_STANDARD_LIBRARIES = YES;
				BUNDLE_LOADER = "$(TEST_HOST)";
				CLANG_ENABLE_OBJC_WEAK = YES;
				CODE_SIGN_STYLE = Automatic;
				DEVELOPMENT_TEAM = XZ8NRDZGBL;
				INFOPLIST_FILE = TrainerProTests/Info.plist;
				IPHONEOS_DEPLOYMENT_TARGET = 13.4;
				LD_RUNPATH_SEARCH_PATHS = (
					"$(inherited)",
					"@executable_path/Frameworks",
					"@loader_path/Frameworks",
				);
				MTL_FAST_MATH = YES;
				PRODUCT_BUNDLE_IDENTIFIER = com.inq.TrainerProTests;
				PRODUCT_NAME = "$(TARGET_NAME)";
				SWIFT_VERSION = 5.0;
				TARGETED_DEVICE_FAMILY = "1,2";
				TEST_HOST = "$(BUILT_PRODUCTS_DIR)/TrainerPro.app/TrainerPro";
			};
			name = Release;
		};
		873EB9D324402BA10020BD9F /* Debug */ = {
			isa = XCBuildConfiguration;
			buildSettings = {
				ALWAYS_EMBED_SWIFT_STANDARD_LIBRARIES = YES;
				CLANG_ENABLE_OBJC_WEAK = YES;
				CODE_SIGN_STYLE = Automatic;
				DEVELOPMENT_TEAM = XZ8NRDZGBL;
				INFOPLIST_FILE = TrainerProUITests/Info.plist;
				IPHONEOS_DEPLOYMENT_TARGET = 13.4;
				LD_RUNPATH_SEARCH_PATHS = (
					"$(inherited)",
					"@executable_path/Frameworks",
					"@loader_path/Frameworks",
				);
				MTL_ENABLE_DEBUG_INFO = INCLUDE_SOURCE;
				MTL_FAST_MATH = YES;
				PRODUCT_BUNDLE_IDENTIFIER = com.inq.TrainerProUITests;
				PRODUCT_NAME = "$(TARGET_NAME)";
				SWIFT_VERSION = 5.0;
				TARGETED_DEVICE_FAMILY = "1,2";
				TEST_TARGET_NAME = TrainerPro;
			};
			name = Debug;
		};
		873EB9D424402BA10020BD9F /* Release */ = {
			isa = XCBuildConfiguration;
			buildSettings = {
				ALWAYS_EMBED_SWIFT_STANDARD_LIBRARIES = YES;
				CLANG_ENABLE_OBJC_WEAK = YES;
				CODE_SIGN_STYLE = Automatic;
				DEVELOPMENT_TEAM = XZ8NRDZGBL;
				INFOPLIST_FILE = TrainerProUITests/Info.plist;
				IPHONEOS_DEPLOYMENT_TARGET = 13.4;
				LD_RUNPATH_SEARCH_PATHS = (
					"$(inherited)",
					"@executable_path/Frameworks",
					"@loader_path/Frameworks",
				);
				MTL_FAST_MATH = YES;
				PRODUCT_BUNDLE_IDENTIFIER = com.inq.TrainerProUITests;
				PRODUCT_NAME = "$(TARGET_NAME)";
				SWIFT_VERSION = 5.0;
				TARGETED_DEVICE_FAMILY = "1,2";
				TEST_TARGET_NAME = TrainerPro;
			};
			name = Release;
		};
		8790C165244A216A001F7823 /* Debug */ = {
			isa = XCBuildConfiguration;
			buildSettings = {
				ALWAYS_EMBED_SWIFT_STANDARD_LIBRARIES = YES;
				ASSETCATALOG_COMPILER_APPICON_NAME = AppIcon;
				CLANG_ENABLE_OBJC_WEAK = YES;
				CODE_SIGN_STYLE = Automatic;
				DEVELOPMENT_TEAM = XZ8NRDZGBL;
				IBSC_MODULE = Watch_Extension;
				INFOPLIST_FILE = Watch/Info.plist;
				MTL_ENABLE_DEBUG_INFO = INCLUDE_SOURCE;
				MTL_FAST_MATH = YES;
				PRODUCT_BUNDLE_IDENTIFIER = com.inqint.workoutminder.watchkitapp;
				PRODUCT_NAME = "$(TARGET_NAME)";
				SDKROOT = watchos;
				SKIP_INSTALL = YES;
				SWIFT_VERSION = 5.0;
				TARGETED_DEVICE_FAMILY = 4;
				WATCHOS_DEPLOYMENT_TARGET = 6.2;
			};
			name = Debug;
		};
		8790C166244A216A001F7823 /* Release */ = {
			isa = XCBuildConfiguration;
			buildSettings = {
				ALWAYS_EMBED_SWIFT_STANDARD_LIBRARIES = YES;
				ASSETCATALOG_COMPILER_APPICON_NAME = AppIcon;
				CLANG_ENABLE_OBJC_WEAK = YES;
				CODE_SIGN_STYLE = Automatic;
				DEVELOPMENT_TEAM = XZ8NRDZGBL;
				IBSC_MODULE = Watch_Extension;
				INFOPLIST_FILE = Watch/Info.plist;
				MTL_FAST_MATH = YES;
				PRODUCT_BUNDLE_IDENTIFIER = com.inqint.workoutminder.watchkitapp;
				PRODUCT_NAME = "$(TARGET_NAME)";
				SDKROOT = watchos;
				SKIP_INSTALL = YES;
				SWIFT_VERSION = 5.0;
				TARGETED_DEVICE_FAMILY = 4;
				WATCHOS_DEPLOYMENT_TARGET = 6.2;
			};
			name = Release;
		};
		8790C168244A216A001F7823 /* Debug */ = {
			isa = XCBuildConfiguration;
			buildSettings = {
				ASSETCATALOG_COMPILER_COMPLICATION_NAME = Complication;
				CLANG_ENABLE_OBJC_WEAK = YES;
				CODE_SIGN_STYLE = Automatic;
				DEVELOPMENT_ASSET_PATHS = "\"Watch Extension/Preview Content\"";
				DEVELOPMENT_TEAM = XZ8NRDZGBL;
				ENABLE_PREVIEWS = YES;
				INFOPLIST_FILE = "Watch Extension/Info.plist";
				LD_RUNPATH_SEARCH_PATHS = (
					"$(inherited)",
					"@executable_path/Frameworks",
					"@executable_path/../../Frameworks",
				);
				MTL_ENABLE_DEBUG_INFO = INCLUDE_SOURCE;
				MTL_FAST_MATH = YES;
				PRODUCT_BUNDLE_IDENTIFIER = com.inqint.workoutminder.watchkitapp.watchkitextension;
				PRODUCT_NAME = "${TARGET_NAME}";
				SDKROOT = watchos;
				SKIP_INSTALL = YES;
				SWIFT_VERSION = 5.0;
				TARGETED_DEVICE_FAMILY = 4;
				WATCHOS_DEPLOYMENT_TARGET = 6.2;
			};
			name = Debug;
		};
		8790C169244A216A001F7823 /* Release */ = {
			isa = XCBuildConfiguration;
			buildSettings = {
				ASSETCATALOG_COMPILER_COMPLICATION_NAME = Complication;
				CLANG_ENABLE_OBJC_WEAK = YES;
				CODE_SIGN_STYLE = Automatic;
				DEVELOPMENT_ASSET_PATHS = "\"Watch Extension/Preview Content\"";
				DEVELOPMENT_TEAM = XZ8NRDZGBL;
				ENABLE_PREVIEWS = YES;
				INFOPLIST_FILE = "Watch Extension/Info.plist";
				LD_RUNPATH_SEARCH_PATHS = (
					"$(inherited)",
					"@executable_path/Frameworks",
					"@executable_path/../../Frameworks",
				);
				MTL_FAST_MATH = YES;
				PRODUCT_BUNDLE_IDENTIFIER = com.inqint.workoutminder.watchkitapp.watchkitextension;
				PRODUCT_NAME = "${TARGET_NAME}";
				SDKROOT = watchos;
				SKIP_INSTALL = YES;
				SWIFT_VERSION = 5.0;
				TARGETED_DEVICE_FAMILY = 4;
				WATCHOS_DEPLOYMENT_TARGET = 6.2;
			};
			name = Release;
		};
		87AD14A81F644852009D778A /* Debug */ = {
			isa = XCBuildConfiguration;
			buildSettings = {
				ALWAYS_SEARCH_USER_PATHS = NO;
				CLANG_ANALYZER_NONNULL = YES;
				CLANG_ANALYZER_NUMBER_OBJECT_CONVERSION = YES_AGGRESSIVE;
				CLANG_CXX_LANGUAGE_STANDARD = "gnu++14";
				CLANG_CXX_LIBRARY = "libc++";
				CLANG_ENABLE_MODULES = YES;
				CLANG_ENABLE_OBJC_ARC = YES;
				CLANG_WARN_BLOCK_CAPTURE_AUTORELEASING = YES;
				CLANG_WARN_BOOL_CONVERSION = YES;
				CLANG_WARN_COMMA = YES;
				CLANG_WARN_CONSTANT_CONVERSION = YES;
				CLANG_WARN_DEPRECATED_OBJC_IMPLEMENTATIONS = YES;
				CLANG_WARN_DIRECT_OBJC_ISA_USAGE = YES_ERROR;
				CLANG_WARN_DOCUMENTATION_COMMENTS = YES;
				CLANG_WARN_EMPTY_BODY = YES;
				CLANG_WARN_ENUM_CONVERSION = YES;
				CLANG_WARN_INFINITE_RECURSION = YES;
				CLANG_WARN_INT_CONVERSION = YES;
				CLANG_WARN_NON_LITERAL_NULL_CONVERSION = YES;
				CLANG_WARN_OBJC_IMPLICIT_RETAIN_SELF = YES;
				CLANG_WARN_OBJC_LITERAL_CONVERSION = YES;
				CLANG_WARN_OBJC_ROOT_CLASS = YES_ERROR;
				CLANG_WARN_QUOTED_INCLUDE_IN_FRAMEWORK_HEADER = YES;
				CLANG_WARN_RANGE_LOOP_ANALYSIS = YES;
				CLANG_WARN_STRICT_PROTOTYPES = YES;
				CLANG_WARN_SUSPICIOUS_MOVE = YES;
				CLANG_WARN_UNGUARDED_AVAILABILITY = YES_AGGRESSIVE;
				CLANG_WARN_UNREACHABLE_CODE = YES;
				CLANG_WARN__DUPLICATE_METHOD_MATCH = YES;
				CODE_SIGN_IDENTITY = "iPhone Developer";
				COPY_PHASE_STRIP = NO;
				DEBUG_INFORMATION_FORMAT = dwarf;
				ENABLE_STRICT_OBJC_MSGSEND = YES;
				ENABLE_TESTABILITY = YES;
				GCC_C_LANGUAGE_STANDARD = gnu11;
				GCC_DYNAMIC_NO_PIC = NO;
				GCC_NO_COMMON_BLOCKS = YES;
				GCC_OPTIMIZATION_LEVEL = 0;
				GCC_PREPROCESSOR_DEFINITIONS = (
					"DEBUG=1",
					"$(inherited)",
				);
				GCC_WARN_64_TO_32_BIT_CONVERSION = YES;
				GCC_WARN_ABOUT_RETURN_TYPE = YES_ERROR;
				GCC_WARN_UNDECLARED_SELECTOR = YES;
				GCC_WARN_UNINITIALIZED_AUTOS = YES_AGGRESSIVE;
				GCC_WARN_UNUSED_FUNCTION = YES;
				GCC_WARN_UNUSED_VARIABLE = YES;
				IPHONEOS_DEPLOYMENT_TARGET = 14.0;
				MTL_ENABLE_DEBUG_INFO = YES;
				ONLY_ACTIVE_ARCH = YES;
				SDKROOT = iphoneos;
				SWIFT_ACTIVE_COMPILATION_CONDITIONS = DEBUG;
				SWIFT_OPTIMIZATION_LEVEL = "-Onone";
			};
			name = Debug;
		};
		87AD14A91F644852009D778A /* Release */ = {
			isa = XCBuildConfiguration;
			buildSettings = {
				ALWAYS_SEARCH_USER_PATHS = NO;
				CLANG_ANALYZER_NONNULL = YES;
				CLANG_ANALYZER_NUMBER_OBJECT_CONVERSION = YES_AGGRESSIVE;
				CLANG_CXX_LANGUAGE_STANDARD = "gnu++14";
				CLANG_CXX_LIBRARY = "libc++";
				CLANG_ENABLE_MODULES = YES;
				CLANG_ENABLE_OBJC_ARC = YES;
				CLANG_WARN_BLOCK_CAPTURE_AUTORELEASING = YES;
				CLANG_WARN_BOOL_CONVERSION = YES;
				CLANG_WARN_COMMA = YES;
				CLANG_WARN_CONSTANT_CONVERSION = YES;
				CLANG_WARN_DEPRECATED_OBJC_IMPLEMENTATIONS = YES;
				CLANG_WARN_DIRECT_OBJC_ISA_USAGE = YES_ERROR;
				CLANG_WARN_DOCUMENTATION_COMMENTS = YES;
				CLANG_WARN_EMPTY_BODY = YES;
				CLANG_WARN_ENUM_CONVERSION = YES;
				CLANG_WARN_INFINITE_RECURSION = YES;
				CLANG_WARN_INT_CONVERSION = YES;
				CLANG_WARN_NON_LITERAL_NULL_CONVERSION = YES;
				CLANG_WARN_OBJC_IMPLICIT_RETAIN_SELF = YES;
				CLANG_WARN_OBJC_LITERAL_CONVERSION = YES;
				CLANG_WARN_OBJC_ROOT_CLASS = YES_ERROR;
				CLANG_WARN_QUOTED_INCLUDE_IN_FRAMEWORK_HEADER = YES;
				CLANG_WARN_RANGE_LOOP_ANALYSIS = YES;
				CLANG_WARN_STRICT_PROTOTYPES = YES;
				CLANG_WARN_SUSPICIOUS_MOVE = YES;
				CLANG_WARN_UNGUARDED_AVAILABILITY = YES_AGGRESSIVE;
				CLANG_WARN_UNREACHABLE_CODE = YES;
				CLANG_WARN__DUPLICATE_METHOD_MATCH = YES;
				CODE_SIGN_IDENTITY = "iPhone Developer";
				COPY_PHASE_STRIP = NO;
				DEBUG_INFORMATION_FORMAT = "dwarf-with-dsym";
				ENABLE_NS_ASSERTIONS = NO;
				ENABLE_STRICT_OBJC_MSGSEND = YES;
				GCC_C_LANGUAGE_STANDARD = gnu11;
				GCC_NO_COMMON_BLOCKS = YES;
				GCC_WARN_64_TO_32_BIT_CONVERSION = YES;
				GCC_WARN_ABOUT_RETURN_TYPE = YES_ERROR;
				GCC_WARN_UNDECLARED_SELECTOR = YES;
				GCC_WARN_UNINITIALIZED_AUTOS = YES_AGGRESSIVE;
				GCC_WARN_UNUSED_FUNCTION = YES;
				GCC_WARN_UNUSED_VARIABLE = YES;
				IPHONEOS_DEPLOYMENT_TARGET = 14.0;
				MTL_ENABLE_DEBUG_INFO = NO;
				SDKROOT = iphoneos;
				SWIFT_COMPILATION_MODE = wholemodule;
				SWIFT_OPTIMIZATION_LEVEL = "-O";
				VALIDATE_PRODUCT = YES;
			};
			name = Release;
		};
		87AD14AB1F644852009D778A /* Debug */ = {
			isa = XCBuildConfiguration;
			baseConfigurationReference = D1B89E522D4F7A2340780D5F /* Pods-Trainer.debug.xcconfig */;
			buildSettings = {
				ASSETCATALOG_COMPILER_APPICON_NAME = AppIcon;
				CODE_SIGN_ENTITLEMENTS = Trainer/Trainer.entitlements;
				CODE_SIGN_STYLE = Automatic;
				CURRENT_PROJECT_VERSION = 6;
				DEVELOPMENT_TEAM = XZ8NRDZGBL;
				INFOPLIST_FILE = Trainer/Info.plist;
				IPHONEOS_DEPLOYMENT_TARGET = 13.0;
				"IPHONEOS_DEPLOYMENT_TARGET[sdk=macosx*]" = 14.0;
				LD_RUNPATH_SEARCH_PATHS = (
					"$(inherited)",
					"@executable_path/Frameworks",
				);
				MARKETING_VERSION = 1.1;
				PRODUCT_BUNDLE_IDENTIFIER = com.inqint.workoutminder;
				PRODUCT_NAME = "$(TARGET_NAME)";
				SUPPORTS_MACCATALYST = YES;
				SWIFT_VERSION = 5.0;
				TARGETED_DEVICE_FAMILY = "1,2";
			};
			name = Debug;
		};
		87AD14AC1F644852009D778A /* Release */ = {
			isa = XCBuildConfiguration;
			baseConfigurationReference = F23A334348C42BD34DA9DEAC /* Pods-Trainer.release.xcconfig */;
			buildSettings = {
				ASSETCATALOG_COMPILER_APPICON_NAME = AppIcon;
				CODE_SIGN_ENTITLEMENTS = Trainer/Trainer.entitlements;
				CODE_SIGN_STYLE = Automatic;
				CURRENT_PROJECT_VERSION = 6;
				DEVELOPMENT_TEAM = XZ8NRDZGBL;
				INFOPLIST_FILE = Trainer/Info.plist;
				IPHONEOS_DEPLOYMENT_TARGET = 13.0;
				"IPHONEOS_DEPLOYMENT_TARGET[sdk=macosx*]" = 14.0;
				LD_RUNPATH_SEARCH_PATHS = (
					"$(inherited)",
					"@executable_path/Frameworks",
				);
				MARKETING_VERSION = 1.1;
				PRODUCT_BUNDLE_IDENTIFIER = com.inqint.workoutminder;
				PRODUCT_NAME = "$(TARGET_NAME)";
				SUPPORTS_MACCATALYST = YES;
				SWIFT_VERSION = 5.0;
				TARGETED_DEVICE_FAMILY = "1,2";
			};
			name = Release;
		};
		87AD14AE1F644852009D778A /* Debug */ = {
			isa = XCBuildConfiguration;
			buildSettings = {
				ALWAYS_EMBED_SWIFT_STANDARD_LIBRARIES = YES;
				BUNDLE_LOADER = "$(TEST_HOST)";
				CODE_SIGN_STYLE = Automatic;
				DEVELOPMENT_TEAM = XZ8NRDZGBL;
				INFOPLIST_FILE = TrainerTests/Info.plist;
				LD_RUNPATH_SEARCH_PATHS = (
					"$(inherited)",
					"@executable_path/Frameworks",
					"@loader_path/Frameworks",
				);
				PRODUCT_BUNDLE_IDENTIFIER = com.inq.TrainerTests;
				PRODUCT_NAME = "$(TARGET_NAME)";
				SWIFT_VERSION = 5.0;
				TARGETED_DEVICE_FAMILY = "1,2";
				TEST_HOST = "$(BUILT_PRODUCTS_DIR)/Trainer.app/Trainer";
			};
			name = Debug;
		};
		87AD14AF1F644852009D778A /* Release */ = {
			isa = XCBuildConfiguration;
			buildSettings = {
				ALWAYS_EMBED_SWIFT_STANDARD_LIBRARIES = YES;
				BUNDLE_LOADER = "$(TEST_HOST)";
				CODE_SIGN_STYLE = Automatic;
				DEVELOPMENT_TEAM = XZ8NRDZGBL;
				INFOPLIST_FILE = TrainerTests/Info.plist;
				LD_RUNPATH_SEARCH_PATHS = (
					"$(inherited)",
					"@executable_path/Frameworks",
					"@loader_path/Frameworks",
				);
				PRODUCT_BUNDLE_IDENTIFIER = com.inq.TrainerTests;
				PRODUCT_NAME = "$(TARGET_NAME)";
				SWIFT_VERSION = 5.0;
				TARGETED_DEVICE_FAMILY = "1,2";
				TEST_HOST = "$(BUILT_PRODUCTS_DIR)/Trainer.app/Trainer";
			};
			name = Release;
		};
		87AD14B11F644852009D778A /* Debug */ = {
			isa = XCBuildConfiguration;
			buildSettings = {
				ALWAYS_EMBED_SWIFT_STANDARD_LIBRARIES = YES;
				CODE_SIGN_STYLE = Automatic;
				DEVELOPMENT_TEAM = XZ8NRDZGBL;
				INFOPLIST_FILE = TrainerUITests/Info.plist;
				LD_RUNPATH_SEARCH_PATHS = (
					"$(inherited)",
					"@executable_path/Frameworks",
					"@loader_path/Frameworks",
				);
				PRODUCT_BUNDLE_IDENTIFIER = com.inq.TrainerUITests;
				PRODUCT_NAME = "$(TARGET_NAME)";
				SWIFT_VERSION = 5.0;
				TARGETED_DEVICE_FAMILY = "1,2";
				TEST_TARGET_NAME = Trainer;
			};
			name = Debug;
		};
		87AD14B21F644852009D778A /* Release */ = {
			isa = XCBuildConfiguration;
			buildSettings = {
				ALWAYS_EMBED_SWIFT_STANDARD_LIBRARIES = YES;
				CODE_SIGN_STYLE = Automatic;
				DEVELOPMENT_TEAM = XZ8NRDZGBL;
				INFOPLIST_FILE = TrainerUITests/Info.plist;
				LD_RUNPATH_SEARCH_PATHS = (
					"$(inherited)",
					"@executable_path/Frameworks",
					"@loader_path/Frameworks",
				);
				PRODUCT_BUNDLE_IDENTIFIER = com.inq.TrainerUITests;
				PRODUCT_NAME = "$(TARGET_NAME)";
				SWIFT_VERSION = 5.0;
				TARGETED_DEVICE_FAMILY = "1,2";
				TEST_TARGET_NAME = Trainer;
			};
			name = Release;
		};
/* End XCBuildConfiguration section */

/* Begin XCConfigurationList section */
		873EB9CC24402BA10020BD9F /* Build configuration list for PBXNativeTarget "TrainerPro" */ = {
			isa = XCConfigurationList;
			buildConfigurations = (
				873EB9CD24402BA10020BD9F /* Debug */,
				873EB9CE24402BA10020BD9F /* Release */,
			);
			defaultConfigurationIsVisible = 0;
			defaultConfigurationName = Release;
		};
		873EB9CF24402BA10020BD9F /* Build configuration list for PBXNativeTarget "TrainerProTests" */ = {
			isa = XCConfigurationList;
			buildConfigurations = (
				873EB9D024402BA10020BD9F /* Debug */,
				873EB9D124402BA10020BD9F /* Release */,
			);
			defaultConfigurationIsVisible = 0;
			defaultConfigurationName = Release;
		};
		873EB9D224402BA10020BD9F /* Build configuration list for PBXNativeTarget "TrainerProUITests" */ = {
			isa = XCConfigurationList;
			buildConfigurations = (
				873EB9D324402BA10020BD9F /* Debug */,
				873EB9D424402BA10020BD9F /* Release */,
			);
			defaultConfigurationIsVisible = 0;
			defaultConfigurationName = Release;
		};
		8790C16A244A216A001F7823 /* Build configuration list for PBXNativeTarget "Watch Extension" */ = {
			isa = XCConfigurationList;
			buildConfigurations = (
				8790C168244A216A001F7823 /* Debug */,
				8790C169244A216A001F7823 /* Release */,
			);
			defaultConfigurationIsVisible = 0;
			defaultConfigurationName = Release;
		};
		8790C16B244A216A001F7823 /* Build configuration list for PBXNativeTarget "Watch" */ = {
			isa = XCConfigurationList;
			buildConfigurations = (
				8790C165244A216A001F7823 /* Debug */,
				8790C166244A216A001F7823 /* Release */,
			);
			defaultConfigurationIsVisible = 0;
			defaultConfigurationName = Release;
		};
		87AD147A1F644852009D778A /* Build configuration list for PBXProject "Trainer" */ = {
			isa = XCConfigurationList;
			buildConfigurations = (
				87AD14A81F644852009D778A /* Debug */,
				87AD14A91F644852009D778A /* Release */,
			);
			defaultConfigurationIsVisible = 0;
			defaultConfigurationName = Release;
		};
		87AD14AA1F644852009D778A /* Build configuration list for PBXNativeTarget "Trainer" */ = {
			isa = XCConfigurationList;
			buildConfigurations = (
				87AD14AB1F644852009D778A /* Debug */,
				87AD14AC1F644852009D778A /* Release */,
			);
			defaultConfigurationIsVisible = 0;
			defaultConfigurationName = Release;
		};
		87AD14AD1F644852009D778A /* Build configuration list for PBXNativeTarget "TrainerTests" */ = {
			isa = XCConfigurationList;
			buildConfigurations = (
				87AD14AE1F644852009D778A /* Debug */,
				87AD14AF1F644852009D778A /* Release */,
			);
			defaultConfigurationIsVisible = 0;
			defaultConfigurationName = Release;
		};
		87AD14B01F644852009D778A /* Build configuration list for PBXNativeTarget "TrainerUITests" */ = {
			isa = XCConfigurationList;
			buildConfigurations = (
				87AD14B11F644852009D778A /* Debug */,
				87AD14B21F644852009D778A /* Release */,
			);
			defaultConfigurationIsVisible = 0;
			defaultConfigurationName = Release;
		};
/* End XCConfigurationList section */

/* Begin XCVersionGroup section */
		87AD14891F644852009D778A /* Trainer.xcdatamodeld */ = {
			isa = XCVersionGroup;
			children = (
				87AD148A1F644852009D778A /* Trainer.xcdatamodel */,
			);
			currentVersion = 87AD148A1F644852009D778A /* Trainer.xcdatamodel */;
			path = Trainer.xcdatamodeld;
			sourceTree = "<group>";
			versionGroupType = wrapper.xcdatamodel;
		};
/* End XCVersionGroup section */
	};
	rootObject = 87AD14771F644852009D778A /* Project object */;
}
